
Microsoft Visual Studio Solution File, Format Version 12.00
# Visual Studio 15
VisualStudioVersion = 15.0.27130.2020
MinimumVisualStudioVersion = 10.0.40219.1
Project("{FAE04EC0-301F-11D3-BF4B-00C04F79EFBC}") = "Atesta2", "Atesta2\Atesta2.csproj", "{4E96CF14-6722-4D97-8402-A98B8B79FC4C}"
EndProject
Project("{FAE04EC0-301F-11D3-BF4B-00C04F79EFBC}") = "Comandos", "Comandos\Comandos.csproj", "{C487449D-12C8-43A2-A76C-093ADC5D0DC2}"
EndProject
Global
	GlobalSection(SolutionConfigurationPlatforms) = preSolution
		Debug|Any CPU = Debug|Any CPU
		Release|Any CPU = Release|Any CPU
	EndGlobalSection
	GlobalSection(ProjectConfigurationPlatforms) = postSolution
		{4E96CF14-6722-4D97-8402-A98B8B79FC4C}.Debug|Any CPU.ActiveCfg = Debug|Any CPU
		{4E96CF14-6722-4D97-8402-A98B8B79FC4C}.Debug|Any CPU.Build.0 = Debug|Any CPU
		{4E96CF14-6722-4D97-8402-A98B8B79FC4C}.Release|Any CPU.ActiveCfg = Release|Any CPU
		{4E96CF14-6722-4D97-8402-A98B8B79FC4C}.Release|Any CPU.Build.0 = Release|Any CPU
		{C487449D-12C8-43A2-A76C-093ADC5D0DC2}.Debug|Any CPU.ActiveCfg = Debug|Any CPU
		{C487449D-12C8-43A2-A76C-093ADC5D0DC2}.Debug|Any CPU.Build.0 = Debug|Any CPU
		{C487449D-12C8-43A2-A76C-093ADC5D0DC2}.Release|Any CPU.ActiveCfg = Release|Any CPU
		{C487449D-12C8-43A2-A76C-093ADC5D0DC2}.Release|Any CPU.Build.0 = Release|Any CPU
	EndGlobalSection
	GlobalSection(SolutionProperties) = preSolution
		HideSolutionNode = FALSE
	EndGlobalSection
	GlobalSection(ExtensibilityGlobals) = postSolution
		SolutionGuid = {E67F9A09-E47C-4D56-90D1-D15B44EB8684}
	EndGlobalSection
EndGlobal
